<?xml version="1.0" encoding="utf-8"?>
<Project ToolsVersion="4.0" xmlns="http://schemas.microsoft.com/developer/msbuild/2003">
  <ItemGroup>
    <Filter Include="Luna">
      <UniqueIdentifier>{95BC887C-81F3-890D-2AE0-6F1016F6050F}</UniqueIdentifier>
    </Filter>
    <Filter Include="Luna\Events">
      <UniqueIdentifier>{D9CEA3B9-4584-1CAF-CE78-16863A2D13B3}</UniqueIdentifier>
    </Filter>
  </ItemGroup>
  <ItemGroup>
    <ClInclude Include="src\Luna.h" />
    <ClInclude Include="src\Luna\Application.h">
      <Filter>Luna</Filter>
    </ClInclude>
    <ClInclude Include="src\Luna\Core.h">
      <Filter>Luna</Filter>
    </ClInclude>
    <ClInclude Include="src\Luna\EntryPoint.h">
      <Filter>Luna</Filter>
    </ClInclude>
    <ClInclude Include="src\Luna\Events\ApplicationEvent.h">
      <Filter>Luna\Events</Filter>
    </ClInclude>
    <ClInclude Include="src\Luna\Events\Event.h">
      <Filter>Luna\Events</Filter>
    </ClInclude>
    <ClInclude Include="src\Luna\Events\KeyEvent.h">
      <Filter>Luna\Events</Filter>
    </ClInclude>
    <ClInclude Include="src\Luna\Events\MouseEvent.h">
      <Filter>Luna\Events</Filter>
    </ClInclude>
    <ClInclude Include="src\Luna\Log.h">
      <Filter>Luna</Filter>
    </ClInclude>
    <ClInclude Include="src\lnpch.h" />
    <ClInclude Include="src\Luna\Window.h" />
    <ClInclude Include="src\Platform\Windows\WindowsWindow.h" />
  </ItemGroup>
  <ItemGroup>
    <ClCompile Include="src\Luna\Application.cpp">
      <Filter>Luna</Filter>
    </ClCompile>
    <ClCompile Include="src\Luna\Log.cpp">
      <Filter>Luna</Filter>
    </ClCompile>
    <ClCompile Include="src\lnpch.cpp" />
    <ClCompile Include="src\Platform\Windows\WindowsWindow.cpp" />
  </ItemGroup>
</Project>